// !$*UTF8*$!
{
	archiveVersion = 1;
	classes = {
	};
	objectVersion = 46;
	objects = {

/* Begin PBXBuildFile section */
		F7DC29201DD712AD00F2E1C5 /* main.m in Sources */ = {isa = PBXBuildFile; fileRef = F7DC291F1DD712AD00F2E1C5 /* main.m */; };
		F7DC29231DD712AD00F2E1C5 /* AppDelegate.m in Sources */ = {isa = PBXBuildFile; fileRef = F7DC29221DD712AD00F2E1C5 /* AppDelegate.m */; };
		F7DC29261DD712AD00F2E1C5 /* ViewController.m in Sources */ = {isa = PBXBuildFile; fileRef = F7DC29251DD712AD00F2E1C5 /* ViewController.m */; };
		F7DC29291DD712AD00F2E1C5 /* Main.storyboard in Resources */ = {isa = PBXBuildFile; fileRef = F7DC29271DD712AD00F2E1C5 /* Main.storyboard */; };
		F7DC292B1DD712AD00F2E1C5 /* Assets.xcassets in Resources */ = {isa = PBXBuildFile; fileRef = F7DC292A1DD712AD00F2E1C5 /* Assets.xcassets */; };
		F7DC292E1DD712AD00F2E1C5 /* LaunchScreen.storyboard in Resources */ = {isa = PBXBuildFile; fileRef = F7DC292C1DD712AD00F2E1C5 /* LaunchScreen.storyboard */; };
		F7DC29391DD712AE00F2E1C5 /* WFLiveInputViewTests.m in Sources */ = {isa = PBXBuildFile; fileRef = F7DC29381DD712AE00F2E1C5 /* WFLiveInputViewTests.m */; };
		F7DC29441DD712AE00F2E1C5 /* WFLiveInputViewUITests.m in Sources */ = {isa = PBXBuildFile; fileRef = F7DC29431DD712AE00F2E1C5 /* WFLiveInputViewUITests.m */; };
		F7DC29561DD7604F00F2E1C5 /* WFLiveTextField.m in Sources */ = {isa = PBXBuildFile; fileRef = F7DC29551DD7604F00F2E1C5 /* WFLiveTextField.m */; };
/* End PBXBuildFile section */

/* Begin PBXContainerItemProxy section */
		F7DC29351DD712AD00F2E1C5 /* PBXContainerItemProxy */ = {
			isa = PBXContainerItemProxy;
			containerPortal = F7DC29131DD712AD00F2E1C5 /* Project object */;
			proxyType = 1;
			remoteGlobalIDString = F7DC291A1DD712AD00F2E1C5;
			remoteInfo = WFLiveInputView;
		};
		F7DC29401DD712AE00F2E1C5 /* PBXContainerItemProxy */ = {
			isa = PBXContainerItemProxy;
			containerPortal = F7DC29131DD712AD00F2E1C5 /* Project object */;
			proxyType = 1;
			remoteGlobalIDString = F7DC291A1DD712AD00F2E1C5;
			remoteInfo = WFLiveInputView;
		};
/* End PBXContainerItemProxy section */

/* Begin PBXFileReference section */
		F7DC291B1DD712AD00F2E1C5 /* WFLiveInputView.app */ = {isa = PBXFileReference; explicitFileType = wrapper.application; includeInIndex = 0; path = WFLiveInputView.app; sourceTree = BUILT_PRODUCTS_DIR; };
		F7DC291F1DD712AD00F2E1C5 /* main.m */ = {isa = PBXFileReference; lastKnownFileType = sourcecode.c.objc; path = main.m; sourceTree = "<group>"; };
		F7DC29211DD712AD00F2E1C5 /* AppDelegate.h */ = {isa = PBXFileReference; lastKnownFileType = sourcecode.c.h; path = AppDelegate.h; sourceTree = "<group>"; };
		F7DC29221DD712AD00F2E1C5 /* AppDelegate.m */ = {isa = PBXFileReference; lastKnownFileType = sourcecode.c.objc; path = AppDelegate.m; sourceTree = "<group>"; };
		F7DC29241DD712AD00F2E1C5 /* ViewController.h */ = {isa = PBXFileReference; lastKnownFileType = sourcecode.c.h; path = ViewController.h; sourceTree = "<group>"; };
		F7DC29251DD712AD00F2E1C5 /* ViewController.m */ = {isa = PBXFileReference; lastKnownFileType = sourcecode.c.objc; path = ViewController.m; sourceTree = "<group>"; };
		F7DC29281DD712AD00F2E1C5 /* Base */ = {isa = PBXFileReference; lastKnownFileType = file.storyboard; name = Base; path = Base.lproj/Main.storyboard; sourceTree = "<group>"; };
		F7DC292A1DD712AD00F2E1C5 /* Assets.xcassets */ = {isa = PBXFileReference; lastKnownFileType = folder.assetcatalog; path = Assets.xcassets; sourceTree = "<group>"; };
		F7DC292D1DD712AD00F2E1C5 /* Base */ = {isa = PBXFileReference; lastKnownFileType = file.storyboard; name = Base; path = Base.lproj/LaunchScreen.storyboard; sourceTree = "<group>"; };
		F7DC292F1DD712AD00F2E1C5 /* Info.plist */ = {isa = PBXFileReference; lastKnownFileType = text.plist.xml; path = Info.plist; sourceTree = "<group>"; };
		F7DC29341DD712AD00F2E1C5 /* WFLiveInputViewTests.xctest */ = {isa = PBXFileReference; explicitFileType = wrapper.cfbundle; includeInIndex = 0; path = WFLiveInputViewTests.xctest; sourceTree = BUILT_PRODUCTS_DIR; };
		F7DC29381DD712AE00F2E1C5 /* WFLiveInputViewTests.m */ = {isa = PBXFileReference; lastKnownFileType = sourcecode.c.objc; path = WFLiveInputViewTests.m; sourceTree = "<group>"; };
		F7DC293A1DD712AE00F2E1C5 /* Info.plist */ = {isa = PBXFileReference; lastKnownFileType = text.plist.xml; path = Info.plist; sourceTree = "<group>"; };
		F7DC293F1DD712AE00F2E1C5 /* WFLiveInputViewUITests.xctest */ = {isa = PBXFileReference; explicitFileType = wrapper.cfbundle; includeInIndex = 0; path = WFLiveInputViewUITests.xctest; sourceTree = BUILT_PRODUCTS_DIR; };
		F7DC29431DD712AE00F2E1C5 /* WFLiveInputViewUITests.m */ = {isa = PBXFileReference; lastKnownFileType = sourcecode.c.objc; path = WFLiveInputViewUITests.m; sourceTree = "<group>"; };
		F7DC29451DD712AE00F2E1C5 /* Info.plist */ = {isa = PBXFileReference; lastKnownFileType = text.plist.xml; path = Info.plist; sourceTree = "<group>"; };
		F7DC29541DD7604F00F2E1C5 /* WFLiveTextField.h */ = {isa = PBXFileReference; fileEncoding = 4; lastKnownFileType = sourcecode.c.h; path = WFLiveTextField.h; sourceTree = "<group>"; };
		F7DC29551DD7604F00F2E1C5 /* WFLiveTextField.m */ = {isa = PBXFileReference; fileEncoding = 4; lastKnownFileType = sourcecode.c.objc; path = WFLiveTextField.m; sourceTree = "<group>"; };
/* End PBXFileReference section */

/* Begin PBXFrameworksBuildPhase section */
		F7DC29181DD712AD00F2E1C5 /* Frameworks */ = {
			isa = PBXFrameworksBuildPhase;
			buildActionMask = 2147483647;
			files = (
			);
			runOnlyForDeploymentPostprocessing = 0;
		};
		F7DC29311DD712AD00F2E1C5 /* Frameworks */ = {
			isa = PBXFrameworksBuildPhase;
			buildActionMask = 2147483647;
			files = (
			);
			runOnlyForDeploymentPostprocessing = 0;
		};
		F7DC293C1DD712AE00F2E1C5 /* Frameworks */ = {
			isa = PBXFrameworksBuildPhase;
			buildActionMask = 2147483647;
			files = (
			);
			runOnlyForDeploymentPostprocessing = 0;
		};
/* End PBXFrameworksBuildPhase section */

/* Begin PBXGroup section */
		F7DC29121DD712AD00F2E1C5 = {
			isa = PBXGroup;
			children = (
				F7DC291D1DD712AD00F2E1C5 /* WFLiveInputView */,
				F7DC29371DD712AE00F2E1C5 /* WFLiveInputViewTests */,
				F7DC29421DD712AE00F2E1C5 /* WFLiveInputViewUITests */,
				F7DC291C1DD712AD00F2E1C5 /* Products */,
			);
			sourceTree = "<group>";
		};
		F7DC291C1DD712AD00F2E1C5 /* Products */ = {
			isa = PBXGroup;
			children = (
				F7DC291B1DD712AD00F2E1C5 /* WFLiveInputView.app */,
				F7DC29341DD712AD00F2E1C5 /* WFLiveInputViewTests.xctest */,
				F7DC293F1DD712AE00F2E1C5 /* WFLiveInputViewUITests.xctest */,
			);
			name = Products;
			sourceTree = "<group>";
		};
		F7DC291D1DD712AD00F2E1C5 /* WFLiveInputView */ = {
			isa = PBXGroup;
			children = (
				F7DC29211DD712AD00F2E1C5 /* AppDelegate.h */,
				F7DC29221DD712AD00F2E1C5 /* AppDelegate.m */,
				F7DC29241DD712AD00F2E1C5 /* ViewController.h */,
				F7DC29251DD712AD00F2E1C5 /* ViewController.m */,
				F7DC29541DD7604F00F2E1C5 /* WFLiveTextField.h */,
				F7DC29551DD7604F00F2E1C5 /* WFLiveTextField.m */,
				F7DC29271DD712AD00F2E1C5 /* Main.storyboard */,
				F7DC292A1DD712AD00F2E1C5 /* Assets.xcassets */,
				F7DC292C1DD712AD00F2E1C5 /* LaunchScreen.storyboard */,
				F7DC292F1DD712AD00F2E1C5 /* Info.plist */,
				F7DC291E1DD712AD00F2E1C5 /* Supporting Files */,
			);
			path = WFLiveInputView;
			sourceTree = "<group>";
		};
		F7DC291E1DD712AD00F2E1C5 /* Supporting Files */ = {
			isa = PBXGroup;
			children = (
				F7DC291F1DD712AD00F2E1C5 /* main.m */,
			);
			name = "Supporting Files";
			sourceTree = "<group>";
		};
		F7DC29371DD712AE00F2E1C5 /* WFLiveInputViewTests */ = {
			isa = PBXGroup;
			children = (
				F7DC29381DD712AE00F2E1C5 /* WFLiveInputViewTests.m */,
				F7DC293A1DD712AE00F2E1C5 /* Info.plist */,
			);
			path = WFLiveInputViewTests;
			sourceTree = "<group>";
		};
		F7DC29421DD712AE00F2E1C5 /* WFLiveInputViewUITests */ = {
			isa = PBXGroup;
			children = (
				F7DC29431DD712AE00F2E1C5 /* WFLiveInputViewUITests.m */,
				F7DC29451DD712AE00F2E1C5 /* Info.plist */,
			);
			path = WFLiveInputViewUITests;
			sourceTree = "<group>";
		};
/* End PBXGroup section */

/* Begin PBXNativeTarget section */
		F7DC291A1DD712AD00F2E1C5 /* WFLiveInputView */ = {
			isa = PBXNativeTarget;
			buildConfigurationList = F7DC29481DD712AE00F2E1C5 /* Build configuration list for PBXNativeTarget "WFLiveInputView" */;
			buildPhases = (
				F7DC29171DD712AD00F2E1C5 /* Sources */,
				F7DC29181DD712AD00F2E1C5 /* Frameworks */,
				F7DC29191DD712AD00F2E1C5 /* Resources */,
			);
			buildRules = (
			);
			dependencies = (
			);
			name = WFLiveInputView;
			productName = WFLiveInputView;
			productReference = F7DC291B1DD712AD00F2E1C5 /* WFLiveInputView.app */;
			productType = "com.apple.product-type.application";
		};
		F7DC29331DD712AD00F2E1C5 /* WFLiveInputViewTests */ = {
			isa = PBXNativeTarget;
			buildConfigurationList = F7DC294B1DD712AE00F2E1C5 /* Build configuration list for PBXNativeTarget "WFLiveInputViewTests" */;
			buildPhases = (
				F7DC29301DD712AD00F2E1C5 /* Sources */,
				F7DC29311DD712AD00F2E1C5 /* Frameworks */,
				F7DC29321DD712AD00F2E1C5 /* Resources */,
			);
			buildRules = (
			);
			dependencies = (
				F7DC29361DD712AD00F2E1C5 /* PBXTargetDependency */,
			);
			name = WFLiveInputViewTests;
			productName = WFLiveInputViewTests;
			productReference = F7DC29341DD712AD00F2E1C5 /* WFLiveInputViewTests.xctest */;
			productType = "com.apple.product-type.bundle.unit-test";
		};
		F7DC293E1DD712AE00F2E1C5 /* WFLiveInputViewUITests */ = {
			isa = PBXNativeTarget;
			buildConfigurationList = F7DC294E1DD712AE00F2E1C5 /* Build configuration list for PBXNativeTarget "WFLiveInputViewUITests" */;
			buildPhases = (
				F7DC293B1DD712AE00F2E1C5 /* Sources */,
				F7DC293C1DD712AE00F2E1C5 /* Frameworks */,
				F7DC293D1DD712AE00F2E1C5 /* Resources */,
			);
			buildRules = (
			);
			dependencies = (
				F7DC29411DD712AE00F2E1C5 /* PBXTargetDependency */,
			);
			name = WFLiveInputViewUITests;
			productName = WFLiveInputViewUITests;
			productReference = F7DC293F1DD712AE00F2E1C5 /* WFLiveInputViewUITests.xctest */;
			productType = "com.apple.product-type.bundle.ui-testing";
		};
/* End PBXNativeTarget section */

/* Begin PBXProject section */
		F7DC29131DD712AD00F2E1C5 /* Project object */ = {
			isa = PBXProject;
			attributes = {
				LastUpgradeCheck = 0810;
				ORGANIZATIONNAME = menlian;
				TargetAttributes = {
					F7DC291A1DD712AD00F2E1C5 = {
						CreatedOnToolsVersion = 8.1;
						DevelopmentTeam = HQ262QY6GL;
						ProvisioningStyle = Automatic;
					};
					F7DC29331DD712AD00F2E1C5 = {
						CreatedOnToolsVersion = 8.1;
						DevelopmentTeam = HQ262QY6GL;
						ProvisioningStyle = Automatic;
						TestTargetID = F7DC291A1DD712AD00F2E1C5;
					};
					F7DC293E1DD712AE00F2E1C5 = {
						CreatedOnToolsVersion = 8.1;
						DevelopmentTeam = HQ262QY6GL;
						ProvisioningStyle = Automatic;
						TestTargetID = F7DC291A1DD712AD00F2E1C5;
					};
				};
			};
			buildConfigurationList = F7DC29161DD712AD00F2E1C5 /* Build configuration list for PBXProject "WFLiveInputView" */;
			compatibilityVersion = "Xcode 3.2";
			developmentRegion = English;
			hasScannedForEncodings = 0;
			knownRegions = (
				en,
				Base,
			);
			mainGroup = F7DC29121DD712AD00F2E1C5;
			productRefGroup = F7DC291C1DD712AD00F2E1C5 /* Products */;
			projectDirPath = "";
			projectRoot = "";
			targets = (
				F7DC291A1DD712AD00F2E1C5 /* WFLiveInputView */,
				F7DC29331DD712AD00F2E1C5 /* WFLiveInputViewTests */,
				F7DC293E1DD712AE00F2E1C5 /* WFLiveInputViewUITests */,
			);
		};
/* End PBXProject section */

/* Begin PBXResourcesBuildPhase section */
		F7DC29191DD712AD00F2E1C5 /* Resources */ = {
			isa = PBXResourcesBuildPhase;
			buildActionMask = 2147483647;
			files = (
				F7DC292E1DD712AD00F2E1C5 /* LaunchScreen.storyboard in Resources */,
				F7DC292B1DD712AD00F2E1C5 /* Assets.xcassets in Resources */,
				F7DC29291DD712AD00F2E1C5 /* Main.storyboard in Resources */,
			);
			runOnlyForDeploymentPostprocessing = 0;
		};
		F7DC29321DD712AD00F2E1C5 /* Resources */ = {
			isa = PBXResourcesBuildPhase;
			buildActionMask = 2147483647;
			files = (
			);
			runOnlyForDeploymentPostprocessing = 0;
		};
		F7DC293D1DD712AE00F2E1C5 /* Resources */ = {
			isa = PBXResourcesBuildPhase;
			buildActionMask = 2147483647;
			files = (
			);
			runOnlyForDeploymentPostprocessing = 0;
		};
/* End PBXResourcesBuildPhase section */

/* Begin PBXSourcesBuildPhase section */
		F7DC29171DD712AD00F2E1C5 /* Sources */ = {
			isa = PBXSourcesBuildPhase;
			buildActionMask = 2147483647;
			files = (
				F7DC29261DD712AD00F2E1C5 /* ViewController.m in Sources */,
				F7DC29561DD7604F00F2E1C5 /* WFLiveTextField.m in Sources */,
				F7DC29231DD712AD00F2E1C5 /* AppDelegate.m in Sources */,
				F7DC29201DD712AD00F2E1C5 /* main.m in Sources */,
			);
			runOnlyForDeploymentPostprocessing = 0;
		};
		F7DC29301DD712AD00F2E1C5 /* Sources */ = {
			isa = PBXSourcesBuildPhase;
			buildActionMask = 2147483647;
			files = (
				F7DC29391DD712AE00F2E1C5 /* WFLiveInputViewTests.m in Sources */,
			);
			runOnlyForDeploymentPostprocessing = 0;
		};
		F7DC293B1DD712AE00F2E1C5 /* Sources */ = {
			isa = PBXSourcesBuildPhase;
			buildActionMask = 2147483647;
			files = (
				F7DC29441DD712AE00F2E1C5 /* WFLiveInputViewUITests.m in Sources */,
			);
			runOnlyForDeploymentPostprocessing = 0;
		};
/* End PBXSourcesBuildPhase section */

/* Begin PBXTargetDependency section */
		F7DC29361DD712AD00F2E1C5 /* PBXTargetDependency */ = {
			isa = PBXTargetDependency;
			target = F7DC291A1DD712AD00F2E1C5 /* WFLiveInputView */;
			targetProxy = F7DC29351DD712AD00F2E1C5 /* PBXContainerItemProxy */;
		};
		F7DC29411DD712AE00F2E1C5 /* PBXTargetDependency */ = {
			isa = PBXTargetDependency;
			target = F7DC291A1DD712AD00F2E1C5 /* WFLiveInputView */;
			targetProxy = F7DC29401DD712AE00F2E1C5 /* PBXContainerItemProxy */;
		};
/* End PBXTargetDependency section */

/* Begin PBXVariantGroup section */
		F7DC29271DD712AD00F2E1C5 /* Main.storyboard */ = {
			isa = PBXVariantGroup;
			children = (
				F7DC29281DD712AD00F2E1C5 /* Base */,
			);
			name = Main.storyboard;
			sourceTree = "<group>";
		};
		F7DC292C1DD712AD00F2E1C5 /* LaunchScreen.storyboard */ = {
			isa = PBXVariantGroup;
			children = (
				F7DC292D1DD712AD00F2E1C5 /* Base */,
			);
			name = LaunchScreen.storyboard;
			sourceTree = "<group>";
		};
/* End PBXVariantGroup section */

/* Begin XCBuildConfiguration section */
		F7DC29461DD712AE00F2E1C5 /* Debug */ = {
			isa = XCBuildConfiguration;
			buildSettings = {
				ALWAYS_SEARCH_USER_PATHS = NO;
				CLANG_ANALYZER_NONNULL = YES;
				CLANG_CXX_LANGUAGE_STANDARD = "gnu++0x";
				CLANG_CXX_LIBRARY = "libc++";
				CLANG_ENABLE_MODULES = YES;
				CLANG_ENABLE_OBJC_ARC = YES;
				CLANG_WARN_BOOL_CONVERSION = YES;
				CLANG_WARN_CONSTANT_CONVERSION = YES;
				CLANG_WARN_DIRECT_OBJC_ISA_USAGE = YES_ERROR;
				CLANG_WARN_DOCUMENTATION_COMMENTS = YES;
				CLANG_WARN_EMPTY_BODY = YES;
				CLANG_WARN_ENUM_CONVERSION = YES;
				CLANG_WARN_INFINITE_RECURSION = YES;
				CLANG_WARN_INT_CONVERSION = YES;
				CLANG_WARN_OBJC_ROOT_CLASS = YES_ERROR;
				CLANG_WARN_SUSPICIOUS_MOVES = YES;
				CLANG_WARN_UNREACHABLE_CODE = YES;
				CLANG_WARN__DUPLICATE_METHOD_MATCH = YES;
				"CODE_SIGN_IDENTITY[sdk=iphoneos*]" = "iPhone Developer";
				COPY_PHASE_STRIP = NO;
				DEBUG_INFORMATION_FORMAT = dwarf;
				ENABLE_STRICT_OBJC_MSGSEND = YES;
				ENABLE_TESTABILITY = YES;
				GCC_C_LANGUAGE_STANDARD = gnu99;
				GCC_DYNAMIC_NO_PIC = NO;
				GCC_NO_COMMON_BLOCKS = YES;
				GCC_OPTIMIZATION_LEVEL = 0;
				GCC_PREPROCESSOR_DEFINITIONS = (
					"DEBUG=1",
					"$(inherited)",
				);
				GCC_WARN_64_TO_32_BIT_CONVERSION = YES;
				GCC_WARN_ABOUT_RETURN_TYPE = YES_ERROR;
				GCC_WARN_UNDECLARED_SELECTOR = YES;
				GCC_WARN_UNINITIALIZED_AUTOS = YES_AGGRESSIVE;
				GCC_WARN_UNUSED_FUNCTION = YES;
				GCC_WARN_UNUSED_VARIABLE = YES;
				IPHONEOS_DEPLOYMENT_TARGET = 10.1;
				MTL_ENABLE_DEBUG_INFO = YES;
				ONLY_ACTIVE_ARCH = YES;
				SDKROOT = iphoneos;
			};
			name = Debug;
		};
		F7DC29471DD712AE00F2E1C5 /* Release */ = {
			isa = XCBuildConfiguration;
			buildSettings = {
				ALWAYS_SEARCH_USER_PATHS = NO;
				CLANG_ANALYZER_NONNULL = YES;
				CLANG_CXX_LANGUAGE_STANDARD = "gnu++0x";
				CLANG_CXX_LIBRARY = "libc++";
				CLANG_ENABLE_MODULES = YES;
				CLANG_ENABLE_OBJC_ARC = YES;
				CLANG_WARN_BOOL_CONVERSION = YES;
				CLANG_WARN_CONSTANT_CONVERSION = YES;
				CLANG_WARN_DIRECT_OBJC_ISA_USAGE = YES_ERROR;
				CLANG_WARN_DOCUMENTATION_COMMENTS = YES;
				CLANG_WARN_EMPTY_BODY = YES;
				CLANG_WARN_ENUM_CONVERSION = YES;
				CLANG_WARN_INFINITE_RECURSION = YES;
				CLANG_WARN_INT_CONVERSION = YES;
				CLANG_WARN_OBJC_ROOT_CLASS = YES_ERROR;
				CLANG_WARN_SUSPICIOUS_MOVES = YES;
				CLANG_WARN_UNREACHABLE_CODE = YES;
				CLANG_WARN__DUPLICATE_METHOD_MATCH = YES;
				"CODE_SIGN_IDENTITY[sdk=iphoneos*]" = "iPhone Developer";
				COPY_PHASE_STRIP = NO;
				DEBUG_INFORMATION_FORMAT = "dwarf-with-dsym";
				ENABLE_NS_ASSERTIONS = NO;
				ENABLE_STRICT_OBJC_MSGSEND = YES;
				GCC_C_LANGUAGE_STANDARD = gnu99;
				GCC_NO_COMMON_BLOCKS = YES;
				GCC_WARN_64_TO_32_BIT_CONVERSION = YES;
				GCC_WARN_ABOUT_RETURN_TYPE = YES_ERROR;
				GCC_WARN_UNDECLARED_SELECTOR = YES;
				GCC_WARN_UNINITIALIZED_AUTOS = YES_AGGRESSIVE;
				GCC_WARN_UNUSED_FUNCTION = YES;
				GCC_WARN_UNUSED_VARIABLE = YES;
				IPHONEOS_DEPLOYMENT_TARGET = 10.1;
				MTL_ENABLE_DEBUG_INFO = NO;
				SDKROOT = iphoneos;
				VALIDATE_PRODUCT = YES;
			};
			name = Release;
		};
		F7DC29491DD712AE00F2E1C5 /* Debug */ = {
			isa = XCBuildConfiguration;
			buildSettings = {
				ASSETCATALOG_COMPILER_APPICON_NAME = AppIcon;
				DEVELOPMENT_TEAM = HQ262QY6GL;
				INFOPLIST_FILE = WFLiveInputView/Info.plist;
				LD_RUNPATH_SEARCH_PATHS = "$(inherited) @executable_path/Frameworks";
				PRODUCT_BUNDLE_IDENTIFIER = com.menlian.WFLiveInputView;
				PRODUCT_NAME = "$(TARGET_NAME)";
			};
			name = Debug;
		};
		F7DC294A1DD712AE00F2E1C5 /* Release */ = {
			isa = XCBuildConfiguration;
			buildSettings = {
				ASSETCATALOG_COMPILER_APPICON_NAME = AppIcon;
				DEVELOPMENT_TEAM = HQ262QY6GL;
				INFOPLIST_FILE = WFLiveInputView/Info.plist;
				LD_RUNPATH_SEARCH_PATHS = "$(inherited) @executable_path/Frameworks";
				PRODUCT_BUNDLE_IDENTIFIER = com.menlian.WFLiveInputView;
				PRODUCT_NAME = "$(TARGET_NAME)";
			};
			name = Release;
		};
		F7DC294C1DD712AE00F2E1C5 /* Debug */ = {
			isa = XCBuildConfiguration;
			buildSettings = {
				BUNDLE_LOADER = "$(TEST_HOST)";
				DEVELOPMENT_TEAM = HQ262QY6GL;
				INFOPLIST_FILE = WFLiveInputViewTests/Info.plist;
				LD_RUNPATH_SEARCH_PATHS = "$(inherited) @executable_path/Frameworks @loader_path/Frameworks";
				PRODUCT_BUNDLE_IDENTIFIER = com.menlian.WFLiveInputViewTests;
				PRODUCT_NAME = "$(TARGET_NAME)";
				TEST_HOST = "$(BUILT_PRODUCTS_DIR)/WFLiveInputView.app/WFLiveInputView";
			};
			name = Debug;
		};
		F7DC294D1DD712AE00F2E1C5 /* Release */ = {
			isa = XCBuildConfiguration;
			buildSettings = {
				BUNDLE_LOADER = "$(TEST_HOST)";
				DEVELOPMENT_TEAM = HQ262QY6GL;
				INFOPLIST_FILE = WFLiveInputViewTests/Info.plist;
				LD_RUNPATH_SEARCH_PATHS = "$(inherited) @executable_path/Frameworks @loader_path/Frameworks";
				PRODUCT_BUNDLE_IDENTIFIER = com.menlian.WFLiveInputViewTests;
				PRODUCT_NAME = "$(TARGET_NAME)";
				TEST_HOST = "$(BUILT_PRODUCTS_DIR)/WFLiveInputView.app/WFLiveInputView";
			};
			name = Release;
		};
		F7DC294F1DD712AE00F2E1C5 /* Debug */ = {
			isa = XCBuildConfiguration;
			buildSettings = {
				DEVELOPMENT_TEAM = HQ262QY6GL;
				INFOPLIST_FILE = WFLiveInputViewUITests/Info.plist;
				LD_RUNPATH_SEARCH_PATHS = "$(inherited) @executable_path/Frameworks @loader_path/Frameworks";
				PRODUCT_BUNDLE_IDENTIFIER = com.menlian.WFLiveInputViewUITests;
				PRODUCT_NAME = "$(TARGET_NAME)";
				TEST_TARGET_NAME = WFLiveInputView;
			};
			name = Debug;
		};
		F7DC29501DD712AE00F2E1C5 /* Release */ = {
			isa = XCBuildConfiguration;
			buildSettings = {
				DEVELOPMENT_TEAM = HQ262QY6GL;
				INFOPLIST_FILE = WFLiveInputViewUITests/Info.plist;
				LD_RUNPATH_SEARCH_PATHS = "$(inherited) @executable_path/Frameworks @loader_path/Frameworks";
				PRODUCT_BUNDLE_IDENTIFIER = com.menlian.WFLiveInputViewUITests;
				PRODUCT_NAME = "$(TARGET_NAME)";
				TEST_TARGET_NAME = WFLiveInputView;
			};
			name = Release;
		};
/* End XCBuildConfiguration section */

/* Begin XCConfigurationList section */
		F7DC29161DD712AD00F2E1C5 /* Build configuration list for PBXProject "WFLiveInputView" */ = {
			isa = XCConfigurationList;
			buildConfigurations = (
				F7DC29461DD712AE00F2E1C5 /* Debug */,
				F7DC29471DD712AE00F2E1C5 /* Release */,
			);
			defaultConfigurationIsVisible = 0;
			defaultConfigurationName = Release;
		};
		F7DC29481DD712AE00F2E1C5 /* Build configuration list for PBXNativeTarget "WFLiveInputView" */ = {
			isa = XCConfigurationList;
			buildConfigurations = (
				F7DC29491DD712AE00F2E1C5 /* Debug */,
				F7DC294A1DD712AE00F2E1C5 /* Release */,
			);
			defaultConfigurationIsVisible = 0;
		};
		F7DC294B1DD712AE00F2E1C5 /* Build configuration list for PBXNativeTarget "WFLiveInputViewTests" */ = {
			isa = XCConfigurationList;
			buildConfigurations = (
				F7DC294C1DD712AE00F2E1C5 /* Debug */,
				F7DC294D1DD712AE00F2E1C5 /* Release */,
			);
			defaultConfigurationIsVisible = 0;
		};
		F7DC294E1DD712AE00F2E1C5 /* Build configuration list for PBXNativeTarget "WFLiveInputViewUITests" */ = {
			isa = XCConfigurationList;
			buildConfigurations = (
				F7DC294F1DD712AE00F2E1C5 /* Debug */,
				F7DC29501DD712AE00F2E1C5 /* Release */,
			);
			defaultConfigurationIsVisible = 0;
		};
/* End XCConfigurationList section */
	};
	rootObject = F7DC29131DD712AD00F2E1C5 /* Project object */;
}
